// !$*UTF8*$!
{
	archiveVersion = 1;
	classes = {
	};
	objectVersion = 46;
	objects = {

/* Begin PBXBuildFile section */
		C0A879471ABE52CC000718FF /* AppDelegate.swift in Sources */ = {isa = PBXBuildFile; fileRef = C0A879461ABE52CC000718FF /* AppDelegate.swift */; };
		C0A879491ABE52CC000718FF /* GameScene.sks in Resources */ = {isa = PBXBuildFile; fileRef = C0A879481ABE52CC000718FF /* GameScene.sks */; };
		C0A8794B1ABE52CC000718FF /* GameScene.swift in Sources */ = {isa = PBXBuildFile; fileRef = C0A8794A1ABE52CC000718FF /* GameScene.swift */; };
		C0A8794D1ABE52CC000718FF /* GameViewController.swift in Sources */ = {isa = PBXBuildFile; fileRef = C0A8794C1ABE52CC000718FF /* GameViewController.swift */; };
		C0A879501ABE52CC000718FF /* Main.storyboard in Resources */ = {isa = PBXBuildFile; fileRef = C0A8794E1ABE52CC000718FF /* Main.storyboard */; };
		C0A879521ABE52CC000718FF /* Images.xcassets in Resources */ = {isa = PBXBuildFile; fileRef = C0A879511ABE52CC000718FF /* Images.xcassets */; };
		C0A879551ABE52CC000718FF /* LaunchScreen.xib in Resources */ = {isa = PBXBuildFile; fileRef = C0A879531ABE52CC000718FF /* LaunchScreen.xib */; };
		C0A879611ABE52CC000718FF /* swift_boidTests.swift in Sources */ = {isa = PBXBuildFile; fileRef = C0A879601ABE52CC000718FF /* swift_boidTests.swift */; };
		C0A8796C1ABE53AF000718FF /* fire.sks in Resources */ = {isa = PBXBuildFile; fileRef = C0A8796A1ABE53AF000718FF /* fire.sks */; };
		C0A8796D1ABE53AF000718FF /* spark.png in Resources */ = {isa = PBXBuildFile; fileRef = C0A8796B1ABE53AF000718FF /* spark.png */; };
		C0A8796F1ABE545D000718FF /* BirdNodes.swift in Sources */ = {isa = PBXBuildFile; fileRef = C0A8796E1ABE545D000718FF /* BirdNodes.swift */; };
		C0A879711ABE549A000718FF /* Rule.swift in Sources */ = {isa = PBXBuildFile; fileRef = C0A879701ABE549A000718FF /* Rule.swift */; };
		C0A879731ABE54B4000718FF /* CohesionRule.swift in Sources */ = {isa = PBXBuildFile; fileRef = C0A879721ABE54B4000718FF /* CohesionRule.swift */; };
		C0A879751ABE54D0000718FF /* SeparationRule.swift in Sources */ = {isa = PBXBuildFile; fileRef = C0A879741ABE54D0000718FF /* SeparationRule.swift */; };
		C0A879771ABE54EB000718FF /* AlignmentRule.swift in Sources */ = {isa = PBXBuildFile; fileRef = C0A879761ABE54EB000718FF /* AlignmentRule.swift */; };
/* End PBXBuildFile section */

/* Begin PBXContainerItemProxy section */
		C0A8795B1ABE52CC000718FF /* PBXContainerItemProxy */ = {
			isa = PBXContainerItemProxy;
			containerPortal = C0A879391ABE52CC000718FF /* Project object */;
			proxyType = 1;
			remoteGlobalIDString = C0A879401ABE52CC000718FF;
			remoteInfo = "swift-boid";
		};
/* End PBXContainerItemProxy section */

/* Begin PBXFileReference section */
		C0A879411ABE52CC000718FF /* swift-boid.app */ = {isa = PBXFileReference; explicitFileType = wrapper.application; includeInIndex = 0; path = "swift-boid.app"; sourceTree = BUILT_PRODUCTS_DIR; };
		C0A879451ABE52CC000718FF /* Info.plist */ = {isa = PBXFileReference; lastKnownFileType = text.plist.xml; path = Info.plist; sourceTree = "<group>"; };
		C0A879461ABE52CC000718FF /* AppDelegate.swift */ = {isa = PBXFileReference; lastKnownFileType = sourcecode.swift; path = AppDelegate.swift; sourceTree = "<group>"; };
		C0A879481ABE52CC000718FF /* GameScene.sks */ = {isa = PBXFileReference; lastKnownFileType = file.sks; path = GameScene.sks; sourceTree = "<group>"; };
		C0A8794A1ABE52CC000718FF /* GameScene.swift */ = {isa = PBXFileReference; lastKnownFileType = sourcecode.swift; path = GameScene.swift; sourceTree = "<group>"; };
		C0A8794C1ABE52CC000718FF /* GameViewController.swift */ = {isa = PBXFileReference; lastKnownFileType = sourcecode.swift; path = GameViewController.swift; sourceTree = "<group>"; };
		C0A8794F1ABE52CC000718FF /* Base */ = {isa = PBXFileReference; lastKnownFileType = file.storyboard; name = Base; path = Base.lproj/Main.storyboard; sourceTree = "<group>"; };
		C0A879511ABE52CC000718FF /* Images.xcassets */ = {isa = PBXFileReference; lastKnownFileType = folder.assetcatalog; path = Images.xcassets; sourceTree = "<group>"; };
		C0A879541ABE52CC000718FF /* Base */ = {isa = PBXFileReference; lastKnownFileType = file.xib; name = Base; path = Base.lproj/LaunchScreen.xib; sourceTree = "<group>"; };
		C0A8795A1ABE52CC000718FF /* swift-boidTests.xctest */ = {isa = PBXFileReference; explicitFileType = wrapper.cfbundle; includeInIndex = 0; path = "swift-boidTests.xctest"; sourceTree = BUILT_PRODUCTS_DIR; };
		C0A8795F1ABE52CC000718FF /* Info.plist */ = {isa = PBXFileReference; lastKnownFileType = text.plist.xml; path = Info.plist; sourceTree = "<group>"; };
		C0A879601ABE52CC000718FF /* swift_boidTests.swift */ = {isa = PBXFileReference; lastKnownFileType = sourcecode.swift; path = swift_boidTests.swift; sourceTree = "<group>"; };
		C0A8796A1ABE53AF000718FF /* fire.sks */ = {isa = PBXFileReference; lastKnownFileType = file.sks; path = fire.sks; sourceTree = "<group>"; };
		C0A8796B1ABE53AF000718FF /* spark.png */ = {isa = PBXFileReference; lastKnownFileType = image.png; path = spark.png; sourceTree = "<group>"; };
		C0A8796E1ABE545D000718FF /* BirdNodes.swift */ = {isa = PBXFileReference; fileEncoding = 4; lastKnownFileType = sourcecode.swift; path = BirdNodes.swift; sourceTree = "<group>"; };
		C0A879701ABE549A000718FF /* Rule.swift */ = {isa = PBXFileReference; fileEncoding = 4; lastKnownFileType = sourcecode.swift; path = Rule.swift; sourceTree = "<group>"; };
		C0A879721ABE54B4000718FF /* CohesionRule.swift */ = {isa = PBXFileReference; fileEncoding = 4; lastKnownFileType = sourcecode.swift; path = CohesionRule.swift; sourceTree = "<group>"; };
		C0A879741ABE54D0000718FF /* SeparationRule.swift */ = {isa = PBXFileReference; fileEncoding = 4; lastKnownFileType = sourcecode.swift; path = SeparationRule.swift; sourceTree = "<group>"; };
		C0A879761ABE54EB000718FF /* AlignmentRule.swift */ = {isa = PBXFileReference; fileEncoding = 4; lastKnownFileType = sourcecode.swift; path = AlignmentRule.swift; sourceTree = "<group>"; };
/* End PBXFileReference section */

/* Begin PBXFrameworksBuildPhase section */
		C0A8793E1ABE52CC000718FF /* Frameworks */ = {
			isa = PBXFrameworksBuildPhase;
			buildActionMask = 2147483647;
			files = (
			);
			runOnlyForDeploymentPostprocessing = 0;
		};
		C0A879571ABE52CC000718FF /* Frameworks */ = {
			isa = PBXFrameworksBuildPhase;
			buildActionMask = 2147483647;
			files = (
			);
			runOnlyForDeploymentPostprocessing = 0;
		};
/* End PBXFrameworksBuildPhase section */

/* Begin PBXGroup section */
		C0A879381ABE52CC000718FF = {
			isa = PBXGroup;
			children = (
				C0A879431ABE52CC000718FF /* swift-boid */,
				C0A8795D1ABE52CC000718FF /* swift-boidTests */,
				C0A879421ABE52CC000718FF /* Products */,
			);
			sourceTree = "<group>";
		};
		C0A879421ABE52CC000718FF /* Products */ = {
			isa = PBXGroup;
			children = (
				C0A879411ABE52CC000718FF /* swift-boid.app */,
				C0A8795A1ABE52CC000718FF /* swift-boidTests.xctest */,
			);
			name = Products;
			sourceTree = "<group>";
		};
		C0A879431ABE52CC000718FF /* swift-boid */ = {
			isa = PBXGroup;
			children = (
				C0A879461ABE52CC000718FF /* AppDelegate.swift */,
				C0A8796E1ABE545D000718FF /* BirdNodes.swift */,
				C0A879701ABE549A000718FF /* Rule.swift */,
				C0A879721ABE54B4000718FF /* CohesionRule.swift */,
				C0A879741ABE54D0000718FF /* SeparationRule.swift */,
				C0A879761ABE54EB000718FF /* AlignmentRule.swift */,
				C0A879481ABE52CC000718FF /* GameScene.sks */,
				C0A8794A1ABE52CC000718FF /* GameScene.swift */,
				C0A8794C1ABE52CC000718FF /* GameViewController.swift */,
				C0A8794E1ABE52CC000718FF /* Main.storyboard */,
				C0A879511ABE52CC000718FF /* Images.xcassets */,
				C0A879531ABE52CC000718FF /* LaunchScreen.xib */,
				C0A879441ABE52CC000718FF /* Supporting Files */,
				C0A8796A1ABE53AF000718FF /* fire.sks */,
				C0A8796B1ABE53AF000718FF /* spark.png */,
			);
			path = "swift-boid";
			sourceTree = "<group>";
		};
		C0A879441ABE52CC000718FF /* Supporting Files */ = {
			isa = PBXGroup;
			children = (
				C0A879451ABE52CC000718FF /* Info.plist */,
			);
			name = "Supporting Files";
			sourceTree = "<group>";
		};
		C0A8795D1ABE52CC000718FF /* swift-boidTests */ = {
			isa = PBXGroup;
			children = (
				C0A879601ABE52CC000718FF /* swift_boidTests.swift */,
				C0A8795E1ABE52CC000718FF /* Supporting Files */,
			);
			path = "swift-boidTests";
			sourceTree = "<group>";
		};
		C0A8795E1ABE52CC000718FF /* Supporting Files */ = {
			isa = PBXGroup;
			children = (
				C0A8795F1ABE52CC000718FF /* Info.plist */,
			);
			name = "Supporting Files";
			sourceTree = "<group>";
		};
/* End PBXGroup section */

/* Begin PBXNativeTarget section */
		C0A879401ABE52CC000718FF /* swift-boid */ = {
			isa = PBXNativeTarget;
			buildConfigurationList = C0A879641ABE52CC000718FF /* Build configuration list for PBXNativeTarget "swift-boid" */;
			buildPhases = (
				C0A8793D1ABE52CC000718FF /* Sources */,
				C0A8793E1ABE52CC000718FF /* Frameworks */,
				C0A8793F1ABE52CC000718FF /* Resources */,
			);
			buildRules = (
			);
			dependencies = (
			);
			name = "swift-boid";
			productName = "swift-boid";
			productReference = C0A879411ABE52CC000718FF /* swift-boid.app */;
			productType = "com.apple.product-type.application";
		};
		C0A879591ABE52CC000718FF /* swift-boidTests */ = {
			isa = PBXNativeTarget;
			buildConfigurationList = C0A879671ABE52CC000718FF /* Build configuration list for PBXNativeTarget "swift-boidTests" */;
			buildPhases = (
				C0A879561ABE52CC000718FF /* Sources */,
				C0A879571ABE52CC000718FF /* Frameworks */,
				C0A879581ABE52CC000718FF /* Resources */,
			);
			buildRules = (
			);
			dependencies = (
				C0A8795C1ABE52CC000718FF /* PBXTargetDependency */,
			);
			name = "swift-boidTests";
			productName = "swift-boidTests";
			productReference = C0A8795A1ABE52CC000718FF /* swift-boidTests.xctest */;
			productType = "com.apple.product-type.bundle.unit-test";
		};
/* End PBXNativeTarget section */

/* Begin PBXProject section */
		C0A879391ABE52CC000718FF /* Project object */ = {
			isa = PBXProject;
			attributes = {
				LastUpgradeCheck = 0620;
				ORGANIZATIONNAME = "Youichi Kato";
				TargetAttributes = {
					C0A879401ABE52CC000718FF = {
						CreatedOnToolsVersion = 6.2;
					};
					C0A879591ABE52CC000718FF = {
						CreatedOnToolsVersion = 6.2;
						TestTargetID = C0A879401ABE52CC000718FF;
					};
				};
			};
			buildConfigurationList = C0A8793C1ABE52CC000718FF /* Build configuration list for PBXProject "swift-boid" */;
			compatibilityVersion = "Xcode 3.2";
			developmentRegion = English;
			hasScannedForEncodings = 0;
			knownRegions = (
				en,
				Base,
			);
			mainGroup = C0A879381ABE52CC000718FF;
			productRefGroup = C0A879421ABE52CC000718FF /* Products */;
			projectDirPath = "";
			projectRoot = "";
			targets = (
				C0A879401ABE52CC000718FF /* swift-boid */,
				C0A879591ABE52CC000718FF /* swift-boidTests */,
			);
		};
/* End PBXProject section */

/* Begin PBXResourcesBuildPhase section */
		C0A8793F1ABE52CC000718FF /* Resources */ = {
			isa = PBXResourcesBuildPhase;
			buildActionMask = 2147483647;
			files = (
				C0A879551ABE52CC000718FF /* LaunchScreen.xib in Resources */,
				C0A8796D1ABE53AF000718FF /* spark.png in Resources */,
				C0A879521ABE52CC000718FF /* Images.xcassets in Resources */,
				C0A8796C1ABE53AF000718FF /* fire.sks in Resources */,
				C0A879491ABE52CC000718FF /* GameScene.sks in Resources */,
				C0A879501ABE52CC000718FF /* Main.storyboard in Resources */,
			);
			runOnlyForDeploymentPostprocessing = 0;
		};
		C0A879581ABE52CC000718FF /* Resources */ = {
			isa = PBXResourcesBuildPhase;
			buildActionMask = 2147483647;
			files = (
			);
			runOnlyForDeploymentPostprocessing = 0;
		};
/* End PBXResourcesBuildPhase section */

/* Begin PBXSourcesBuildPhase section */
		C0A8793D1ABE52CC000718FF /* Sources */ = {
			isa = PBXSourcesBuildPhase;
			buildActionMask = 2147483647;
			files = (
				C0A8796F1ABE545D000718FF /* BirdNodes.swift in Sources */,
				C0A879711ABE549A000718FF /* Rule.swift in Sources */,
				C0A879751ABE54D0000718FF /* SeparationRule.swift in Sources */,
				C0A8794B1ABE52CC000718FF /* GameScene.swift in Sources */,
				C0A879731ABE54B4000718FF /* CohesionRule.swift in Sources */,
				C0A879771ABE54EB000718FF /* AlignmentRule.swift in Sources */,
				C0A8794D1ABE52CC000718FF /* GameViewController.swift in Sources */,
				C0A879471ABE52CC000718FF /* AppDelegate.swift in Sources */,
			);
			runOnlyForDeploymentPostprocessing = 0;
		};
		C0A879561ABE52CC000718FF /* Sources */ = {
			isa = PBXSourcesBuildPhase;
			buildActionMask = 2147483647;
			files = (
				C0A879611ABE52CC000718FF /* swift_boidTests.swift in Sources */,
			);
			runOnlyForDeploymentPostprocessing = 0;
		};
/* End PBXSourcesBuildPhase section */

/* Begin PBXTargetDependency section */
		C0A8795C1ABE52CC000718FF /* PBXTargetDependency */ = {
			isa = PBXTargetDependency;
			target = C0A879401ABE52CC000718FF /* swift-boid */;
			targetProxy = C0A8795B1ABE52CC000718FF /* PBXContainerItemProxy */;
		};
/* End PBXTargetDependency section */

/* Begin PBXVariantGroup section */
		C0A8794E1ABE52CC000718FF /* Main.storyboard */ = {
			isa = PBXVariantGroup;
			children = (
				C0A8794F1ABE52CC000718FF /* Base */,
			);
			name = Main.storyboard;
			sourceTree = "<group>";
		};
		C0A879531ABE52CC000718FF /* LaunchScreen.xib */ = {
			isa = PBXVariantGroup;
			children = (
				C0A879541ABE52CC000718FF /* Base */,
			);
			name = LaunchScreen.xib;
			sourceTree = "<group>";
		};
/* End PBXVariantGroup section */

/* Begin XCBuildConfiguration section */
		C0A879621ABE52CC000718FF /* Debug */ = {
			isa = XCBuildConfiguration;
			buildSettings = {
				ALWAYS_SEARCH_USER_PATHS = NO;
				CLANG_CXX_LANGUAGE_STANDARD = "gnu++0x";
				CLANG_CXX_LIBRARY = "libc++";
				CLANG_ENABLE_MODULES = YES;
				CLANG_ENABLE_OBJC_ARC = YES;
				CLANG_WARN_BOOL_CONVERSION = YES;
				CLANG_WARN_CONSTANT_CONVERSION = YES;
				CLANG_WARN_DIRECT_OBJC_ISA_USAGE = YES_ERROR;
				CLANG_WARN_EMPTY_BODY = YES;
				CLANG_WARN_ENUM_CONVERSION = YES;
				CLANG_WARN_INT_CONVERSION = YES;
				CLANG_WARN_OBJC_ROOT_CLASS = YES_ERROR;
				CLANG_WARN_UNREACHABLE_CODE = YES;
				CLANG_WARN__DUPLICATE_METHOD_MATCH = YES;
				"CODE_SIGN_IDENTITY[sdk=iphoneos*]" = "iPhone Developer";
				COPY_PHASE_STRIP = NO;
				ENABLE_STRICT_OBJC_MSGSEND = YES;
				GCC_C_LANGUAGE_STANDARD = gnu99;
				GCC_DYNAMIC_NO_PIC = NO;
				GCC_OPTIMIZATION_LEVEL = 0;
				GCC_PREPROCESSOR_DEFINITIONS = (
					"DEBUG=1",
					"$(inherited)",
				);
				GCC_SYMBOLS_PRIVATE_EXTERN = NO;
				GCC_WARN_64_TO_32_BIT_CONVERSION = YES;
				GCC_WARN_ABOUT_RETURN_TYPE = YES_ERROR;
				GCC_WARN_UNDECLARED_SELECTOR = YES;
				GCC_WARN_UNINITIALIZED_AUTOS = YES_AGGRESSIVE;
				GCC_WARN_UNUSED_FUNCTION = YES;
				GCC_WARN_UNUSED_VARIABLE = YES;
				IPHONEOS_DEPLOYMENT_TARGET = 8.2;
				MTL_ENABLE_DEBUG_INFO = YES;
				ONLY_ACTIVE_ARCH = YES;
				SDKROOT = iphoneos;
				SWIFT_OPTIMIZATION_LEVEL = "-Onone";
			};
			name = Debug;
		};
		C0A879631ABE52CC000718FF /* Release */ = {
			isa = XCBuildConfiguration;
			buildSettings = {
				ALWAYS_SEARCH_USER_PATHS = NO;
				CLANG_CXX_LANGUAGE_STANDARD = "gnu++0x";
				CLANG_CXX_LIBRARY = "libc++";
				CLANG_ENABLE_MODULES = YES;
				CLANG_ENABLE_OBJC_ARC = YES;
				CLANG_WARN_BOOL_CONVERSION = YES;
				CLANG_WARN_CONSTANT_CONVERSION = YES;
				CLANG_WARN_DIRECT_OBJC_ISA_USAGE = YES_ERROR;
				CLANG_WARN_EMPTY_BODY = YES;
				CLANG_WARN_ENUM_CONVERSION = YES;
				CLANG_WARN_INT_CONVERSION = YES;
				CLANG_WARN_OBJC_ROOT_CLASS = YES_ERROR;
				CLANG_WARN_UNREACHABLE_CODE = YES;
				CLANG_WARN__DUPLICATE_METHOD_MATCH = YES;
				"CODE_SIGN_IDENTITY[sdk=iphoneos*]" = "iPhone Developer";
				COPY_PHASE_STRIP = NO;
				ENABLE_NS_ASSERTIONS = NO;
				ENABLE_STRICT_OBJC_MSGSEND = YES;
				GCC_C_LANGUAGE_STANDARD = gnu99;
				GCC_WARN_64_TO_32_BIT_CONVERSION = YES;
				GCC_WARN_ABOUT_RETURN_TYPE = YES_ERROR;
				GCC_WARN_UNDECLARED_SELECTOR = YES;
				GCC_WARN_UNINITIALIZED_AUTOS = YES_AGGRESSIVE;
				GCC_WARN_UNUSED_FUNCTION = YES;
				GCC_WARN_UNUSED_VARIABLE = YES;
				IPHONEOS_DEPLOYMENT_TARGET = 8.2;
				MTL_ENABLE_DEBUG_INFO = NO;
				SDKROOT = iphoneos;
				VALIDATE_PRODUCT = YES;
			};
			name = Release;
		};
		C0A879651ABE52CC000718FF /* Debug */ = {
			isa = XCBuildConfiguration;
			buildSettings = {
				ASSETCATALOG_COMPILER_APPICON_NAME = AppIcon;
				INFOPLIST_FILE = "swift-boid/Info.plist";
				LD_RUNPATH_SEARCH_PATHS = "$(inherited) @executable_path/Frameworks";
				PRODUCT_NAME = "$(TARGET_NAME)";
			};
			name = Debug;
		};
		C0A879661ABE52CC000718FF /* Release */ = {
			isa = XCBuildConfiguration;
			buildSettings = {
				ASSETCATALOG_COMPILER_APPICON_NAME = AppIcon;
				INFOPLIST_FILE = "swift-boid/Info.plist";
				LD_RUNPATH_SEARCH_PATHS = "$(inherited) @executable_path/Frameworks";
				PRODUCT_NAME = "$(TARGET_NAME)";
			};
			name = Release;
		};
		C0A879681ABE52CC000718FF /* Debug */ = {
			isa = XCBuildConfiguration;
			buildSettings = {
				BUNDLE_LOADER = "$(TEST_HOST)";
				FRAMEWORK_SEARCH_PATHS = (
					"$(SDKROOT)/Developer/Library/Frameworks",
					"$(inherited)",
				);
				GCC_PREPROCESSOR_DEFINITIONS = (
					"DEBUG=1",
					"$(inherited)",
				);
				INFOPLIST_FILE = "swift-boidTests/Info.plist";
				LD_RUNPATH_SEARCH_PATHS = "$(inherited) @executable_path/Frameworks @loader_path/Frameworks";
				PRODUCT_NAME = "$(TARGET_NAME)";
				TEST_HOST = "$(BUILT_PRODUCTS_DIR)/swift-boid.app/swift-boid";
			};
			name = Debug;
		};
		C0A879691ABE52CC000718FF /* Release */ = {
			isa = XCBuildConfiguration;
			buildSettings = {
				BUNDLE_LOADER = "$(TEST_HOST)";
				FRAMEWORK_SEARCH_PATHS = (
					"$(SDKROOT)/Developer/Library/Frameworks",
					"$(inherited)",
				);
				INFOPLIST_FILE = "swift-boidTests/Info.plist";
				LD_RUNPATH_SEARCH_PATHS = "$(inherited) @executable_path/Frameworks @loader_path/Frameworks";
				PRODUCT_NAME = "$(TARGET_NAME)";
				TEST_HOST = "$(BUILT_PRODUCTS_DIR)/swift-boid.app/swift-boid";
			};
			name = Release;
		};
/* End XCBuildConfiguration section */

/* Begin XCConfigurationList section */
		C0A8793C1ABE52CC000718FF /* Build configuration list for PBXProject "swift-boid" */ = {
			isa = XCConfigurationList;
			buildConfigurations = (
				C0A879621ABE52CC000718FF /* Debug */,
				C0A879631ABE52CC000718FF /* Release */,
			);
			defaultConfigurationIsVisible = 0;
			defaultConfigurationName = Release;
		};
		C0A879641ABE52CC000718FF /* Build configuration list for PBXNativeTarget "swift-boid" */ = {
			isa = XCConfigurationList;
			buildConfigurations = (
				C0A879651ABE52CC000718FF /* Debug */,
				C0A879661ABE52CC000718FF /* Release */,
			);
			defaultConfigurationIsVisible = 0;
		};
		C0A879671ABE52CC000718FF /* Build configuration list for PBXNativeTarget "swift-boidTests" */ = {
			isa = XCConfigurationList;
			buildConfigurations = (
				C0A879681ABE52CC000718FF /* Debug */,
				C0A879691ABE52CC000718FF /* Release */,
			);
			defaultConfigurationIsVisible = 0;
		};
/* End XCConfigurationList section */
	};
	rootObject = C0A879391ABE52CC000718FF /* Project object */;
}
